
Microsoft Visual Studio Solution File, Format Version 12.00
# Visual Studio Version 17
VisualStudioVersion = 17.6.33723.286
MinimumVisualStudioVersion = 10.0.40219.1
Project("{FAE04EC0-301F-11D3-BF4B-00C04F79EFBC}") = "SimuladorOrdenamiento", "SimuladorOrdenamiento.csproj", "{6B58E419-E9DF-496B-B995-AF5F7408988A}"
EndProject
Global
	GlobalSection(SolutionConfigurationPlatforms) = preSolution
		Debug|Any CPU = Debug|Any CPU
		Release|Any CPU = Release|Any CPU
	EndGlobalSection
	GlobalSection(ProjectConfigurationPlatforms) = postSolution
		{6B58E419-E9DF-496B-B995-AF5F7408988A}.Debug|Any CPU.ActiveCfg = Debug|Any CPU
		{6B58E419-E9DF-496B-B995-AF5F7408988A}.Debug|Any CPU.Build.0 = Debug|Any CPU
		{6B58E419-E9DF-496B-B995-AF5F7408988A}.Release|Any CPU.ActiveCfg = Release|Any CPU
		{6B58E419-E9DF-496B-B995-AF5F7408988A}.Release|Any CPU.Build.0 = Release|Any CPU
	EndGlobalSection
	GlobalSection(SolutionProperties) = preSolution
		HideSolutionNode = FALSE
	EndGlobalSection
	GlobalSection(ExtensibilityGlobals) = postSolution
		SolutionGuid = {DE870A96-34CE-4336-A144-F42CE1CE9DC1}
	EndGlobalSection
EndGlobal
