
Microsoft Visual Studio Solution File, Format Version 12.00
# Visual Studio Version 17
VisualStudioVersion = 17.14.36109.1 d17.14
MinimumVisualStudioVersion = 10.0.40219.1
Project("{FAE04EC0-301F-11D3-BF4B-00C04F79EFBC}") = "Arbol Binario", "Arbol Binario\Arbol Binario.csproj", "{98BA50DD-6692-4BD1-8894-96E5F8A87E1A}"
EndProject
Global
	GlobalSection(SolutionConfigurationPlatforms) = preSolution
		Debug|Any CPU = Debug|Any CPU
		Release|Any CPU = Release|Any CPU
	EndGlobalSection
	GlobalSection(ProjectConfigurationPlatforms) = postSolution
		{98BA50DD-6692-4BD1-8894-96E5F8A87E1A}.Debug|Any CPU.ActiveCfg = Debug|Any CPU
		{98BA50DD-6692-4BD1-8894-96E5F8A87E1A}.Debug|Any CPU.Build.0 = Debug|Any CPU
		{98BA50DD-6692-4BD1-8894-96E5F8A87E1A}.Release|Any CPU.ActiveCfg = Release|Any CPU
		{98BA50DD-6692-4BD1-8894-96E5F8A87E1A}.Release|Any CPU.Build.0 = Release|Any CPU
	EndGlobalSection
	GlobalSection(SolutionProperties) = preSolution
		HideSolutionNode = FALSE
	EndGlobalSection
	GlobalSection(ExtensibilityGlobals) = postSolution
		SolutionGuid = {A029E7C0-9A59-41D9-86D7-FD53419AAE75}
	EndGlobalSection
EndGlobal
